
Microsoft Visual Studio Solution File, Format Version 12.00
# Visual Studio Version 16
VisualStudioVersion = 16.0.31424.327
MinimumVisualStudioVersion = 10.0.40219.1
Project("{FAE04EC0-301F-11D3-BF4B-00C04F79EFBC}") = "PrjADO.NET", "PrjADO.NET.csproj", "{A7595528-DC27-4AC3-B3BD-723AFAADAE5F}"
EndProject
Global
	GlobalSection(SolutionConfigurationPlatforms) = preSolution
		Debug|Any CPU = Debug|Any CPU
		Release|Any CPU = Release|Any CPU
	EndGlobalSection
	GlobalSection(ProjectConfigurationPlatforms) = postSolution
		{A7595528-DC27-4AC3-B3BD-723AFAADAE5F}.Debug|Any CPU.ActiveCfg = Debug|Any CPU
		{A7595528-DC27-4AC3-B3BD-723AFAADAE5F}.Debug|Any CPU.Build.0 = Debug|Any CPU
		{A7595528-DC27-4AC3-B3BD-723AFAADAE5F}.Release|Any CPU.ActiveCfg = Release|Any CPU
		{A7595528-DC27-4AC3-B3BD-723AFAADAE5F}.Release|Any CPU.Build.0 = Release|Any CPU
	EndGlobalSection
	GlobalSection(SolutionProperties) = preSolution
		HideSolutionNode = FALSE
	EndGlobalSection
	GlobalSection(ExtensibilityGlobals) = postSolution
		SolutionGuid = {2D87473C-936D-4EB5-904D-2351B168DCBC}
	EndGlobalSection
EndGlobal
